
Microsoft Visual Studio Solution File, Format Version 11.00
# Visual Studio 2010
Project("{159641D6-6404-4A2A-AE62-294DE0FE8301}") = "ETL Framework", "ETL Framework\ETL Framework.dtproj", "{7220F12D-37F0-4565-89FB-AA2BAB352732}"
EndProject
Global
	GlobalSection(SolutionConfigurationPlatforms) = preSolution
		Development|Default = Development|Default
	EndGlobalSection
	GlobalSection(ProjectConfigurationPlatforms) = postSolution
		{7220F12D-37F0-4565-89FB-AA2BAB352732}.Development|Default.ActiveCfg = Development
		{7220F12D-37F0-4565-89FB-AA2BAB352732}.Development|Default.Build.0 = Development
	EndGlobalSection
	GlobalSection(SolutionProperties) = preSolution
		HideSolutionNode = FALSE
	EndGlobalSection
EndGlobal
